
Microsoft Visual Studio Solution File, Format Version 12.00
# Visual Studio Version 16
VisualStudioVersion = 16.0.31624.102
MinimumVisualStudioVersion = 10.0.40219.1
Project("{FAE04EC0-301F-11D3-BF4B-00C04F79EFBC}") = "aulaFundBrad", "aulaFundBrad.csproj", "{3EA7A3E4-978C-4DF2-BFFC-B5921CB5B9A4}"
EndProject
Global
	GlobalSection(SolutionConfigurationPlatforms) = preSolution
		Debug|Any CPU = Debug|Any CPU
		Release|Any CPU = Release|Any CPU
	EndGlobalSection
	GlobalSection(ProjectConfigurationPlatforms) = postSolution
		{3EA7A3E4-978C-4DF2-BFFC-B5921CB5B9A4}.Debug|Any CPU.ActiveCfg = Debug|Any CPU
		{3EA7A3E4-978C-4DF2-BFFC-B5921CB5B9A4}.Debug|Any CPU.Build.0 = Debug|Any CPU
		{3EA7A3E4-978C-4DF2-BFFC-B5921CB5B9A4}.Release|Any CPU.ActiveCfg = Release|Any CPU
		{3EA7A3E4-978C-4DF2-BFFC-B5921CB5B9A4}.Release|Any CPU.Build.0 = Release|Any CPU
	EndGlobalSection
	GlobalSection(SolutionProperties) = preSolution
		HideSolutionNode = FALSE
	EndGlobalSection
	GlobalSection(ExtensibilityGlobals) = postSolution
		SolutionGuid = {A18F9FDC-79B9-420A-8826-0CDAB173B8C6}
	EndGlobalSection
EndGlobal
